// !$*UTF8*$!
{
	archiveVersion = 1;
	classes = {
	};
	objectVersion = 56;
	objects = {

/* Begin PBXBuildFile section */
		2155B747D788A11E89654BF3 /* Pods_CowryCalculatorTest_CowryCalculatorTestUITests.framework in Frameworks */ = {isa = PBXBuildFile; fileRef = 51BA3C48EE0BE360F1D0FC99 /* Pods_CowryCalculatorTest_CowryCalculatorTestUITests.framework */; };
		6B42F48CEC524F4B88EC75D7 /* Pods_CowryCalculatorTestTests.framework in Frameworks */ = {isa = PBXBuildFile; fileRef = 8ACAAA2D1BF41E15433F3695 /* Pods_CowryCalculatorTestTests.framework */; };
		8E8CDC1C115077AE7F3978C4 /* Pods_CowryCalculatorTest.framework in Frameworks */ = {isa = PBXBuildFile; fileRef = 6274A2D595B049EA0D7DD06D /* Pods_CowryCalculatorTest.framework */; };
		C178952A2A6011BB0095679B /* AppDelegate.swift in Sources */ = {isa = PBXBuildFile; fileRef = C17895292A6011BB0095679B /* AppDelegate.swift */; };
		C178952C2A6011BB0095679B /* SceneDelegate.swift in Sources */ = {isa = PBXBuildFile; fileRef = C178952B2A6011BB0095679B /* SceneDelegate.swift */; };
		C178952E2A6011BB0095679B /* ViewController.swift in Sources */ = {isa = PBXBuildFile; fileRef = C178952D2A6011BB0095679B /* ViewController.swift */; };
		C17895312A6011BB0095679B /* Main.storyboard in Resources */ = {isa = PBXBuildFile; fileRef = C178952F2A6011BB0095679B /* Main.storyboard */; };
		C17895332A6011BD0095679B /* Assets.xcassets in Resources */ = {isa = PBXBuildFile; fileRef = C17895322A6011BD0095679B /* Assets.xcassets */; };
		C17895362A6011BD0095679B /* LaunchScreen.storyboard in Resources */ = {isa = PBXBuildFile; fileRef = C17895342A6011BD0095679B /* LaunchScreen.storyboard */; };
		C17895412A6011BD0095679B /* CowryCalculatorTestTests.swift in Sources */ = {isa = PBXBuildFile; fileRef = C17895402A6011BD0095679B /* CowryCalculatorTestTests.swift */; };
		C178954B2A6011BD0095679B /* CowryCalculatorTestUITests.swift in Sources */ = {isa = PBXBuildFile; fileRef = C178954A2A6011BD0095679B /* CowryCalculatorTestUITests.swift */; };
		C178954D2A6011BD0095679B /* CowryCalculatorTestUITestsLaunchTests.swift in Sources */ = {isa = PBXBuildFile; fileRef = C178954C2A6011BD0095679B /* CowryCalculatorTestUITestsLaunchTests.swift */; };
		C178955B2A6011E10095679B /* Cordinator.swift in Sources */ = {isa = PBXBuildFile; fileRef = C178955A2A6011E10095679B /* Cordinator.swift */; };
		C178955D2A6011EC0095679B /* AppCordinator.swift in Sources */ = {isa = PBXBuildFile; fileRef = C178955C2A6011EC0095679B /* AppCordinator.swift */; };
		C17895662A6013090095679B /* CalculatorViewController.swift in Sources */ = {isa = PBXBuildFile; fileRef = C17895652A6013090095679B /* CalculatorViewController.swift */; };
		C17895682A6013690095679B /* CalculatorLayout.swift in Sources */ = {isa = PBXBuildFile; fileRef = C17895672A6013690095679B /* CalculatorLayout.swift */; };
		C178956F2A6015E20095679B /* MontserratAlternates-Regular.ttf in Resources */ = {isa = PBXBuildFile; fileRef = C178956B2A6015E20095679B /* MontserratAlternates-Regular.ttf */; };
		C17895702A6015E20095679B /* MontserratAlternates-Bold.ttf in Resources */ = {isa = PBXBuildFile; fileRef = C178956C2A6015E20095679B /* MontserratAlternates-Bold.ttf */; };
		C17895712A6015E20095679B /* MontserratAlternates-SemiBold.ttf in Resources */ = {isa = PBXBuildFile; fileRef = C178956D2A6015E20095679B /* MontserratAlternates-SemiBold.ttf */; };
		C17895722A6015E20095679B /* MontserratAlternates-Medium.ttf in Resources */ = {isa = PBXBuildFile; fileRef = C178956E2A6015E20095679B /* MontserratAlternates-Medium.ttf */; };
		C17895742A6015EA0095679B /* OFL.txt in Resources */ = {isa = PBXBuildFile; fileRef = C17895732A6015EA0095679B /* OFL.txt */; };
		C17895772A6016FF0095679B /* Color.xcassets in Resources */ = {isa = PBXBuildFile; fileRef = C17895762A6016FF0095679B /* Color.xcassets */; };
		C178957A2A6017780095679B /* NSMutableAttributedString+Extensions.swift in Sources */ = {isa = PBXBuildFile; fileRef = C17895792A6017780095679B /* NSMutableAttributedString+Extensions.swift */; };
		C178957C2A60178A0095679B /* UIViewController+Extension.swift in Sources */ = {isa = PBXBuildFile; fileRef = C178957B2A60178A0095679B /* UIViewController+Extension.swift */; };
		C178957E2A6017CB0095679B /* CustomTabView.swift in Sources */ = {isa = PBXBuildFile; fileRef = C178957D2A6017CB0095679B /* CustomTabView.swift */; };
		C17895802A6017DC0095679B /* GraphViewLayout.swift in Sources */ = {isa = PBXBuildFile; fileRef = C178957F2A6017DC0095679B /* GraphViewLayout.swift */; };
		C17895822A6017F80095679B /* CustomTabItemCell.swift in Sources */ = {isa = PBXBuildFile; fileRef = C17895812A6017F80095679B /* CustomTabItemCell.swift */; };
		C17895842A6018110095679B /* CountryView.swift in Sources */ = {isa = PBXBuildFile; fileRef = C17895832A6018110095679B /* CountryView.swift */; };
		C17895862A60181E0095679B /* PickerView.swift in Sources */ = {isa = PBXBuildFile; fileRef = C17895852A60181E0095679B /* PickerView.swift */; };
		C17895882A6018290095679B /* CustomTextField.swift in Sources */ = {isa = PBXBuildFile; fileRef = C17895872A6018290095679B /* CustomTextField.swift */; };
		C178958A2A60183E0095679B /* LineMarkerView.swift in Sources */ = {isa = PBXBuildFile; fileRef = C17895892A60183E0095679B /* LineMarkerView.swift */; };
		C178958C2A6018550095679B /* Font.swift in Sources */ = {isa = PBXBuildFile; fileRef = C178958B2A6018540095679B /* Font.swift */; };
		C178958E2A6018BD0095679B /* CustomColor.swift in Sources */ = {isa = PBXBuildFile; fileRef = C178958D2A6018BD0095679B /* CustomColor.swift */; };
		C17895902A6019040095679B /* HttpError.swift in Sources */ = {isa = PBXBuildFile; fileRef = C178958F2A6019040095679B /* HttpError.swift */; };
		C17895922A6019230095679B /* ApiConfig.swift in Sources */ = {isa = PBXBuildFile; fileRef = C17895912A6019230095679B /* ApiConfig.swift */; };
		C17895942A60193F0095679B /* NetworkClient.swift in Sources */ = {isa = PBXBuildFile; fileRef = C17895932A60193F0095679B /* NetworkClient.swift */; };
		C17895962A6019600095679B /* ConverterService.swift in Sources */ = {isa = PBXBuildFile; fileRef = C17895952A6019600095679B /* ConverterService.swift */; };
/* End PBXBuildFile section */

/* Begin PBXContainerItemProxy section */
		C178953D2A6011BD0095679B /* PBXContainerItemProxy */ = {
			isa = PBXContainerItemProxy;
			containerPortal = C178951E2A6011BB0095679B /* Project object */;
			proxyType = 1;
			remoteGlobalIDString = C17895252A6011BB0095679B;
			remoteInfo = CowryCalculatorTest;
		};
		C17895472A6011BD0095679B /* PBXContainerItemProxy */ = {
			isa = PBXContainerItemProxy;
			containerPortal = C178951E2A6011BB0095679B /* Project object */;
			proxyType = 1;
			remoteGlobalIDString = C17895252A6011BB0095679B;
			remoteInfo = CowryCalculatorTest;
		};
/* End PBXContainerItemProxy section */

/* Begin PBXFileReference section */
		41EC08A1DDDB1F286B70E50E /* Pods-CowryCalculatorTest-CowryCalculatorTestUITests.release.xcconfig */ = {isa = PBXFileReference; includeInIndex = 1; lastKnownFileType = text.xcconfig; name = "Pods-CowryCalculatorTest-CowryCalculatorTestUITests.release.xcconfig"; path = "Target Support Files/Pods-CowryCalculatorTest-CowryCalculatorTestUITests/Pods-CowryCalculatorTest-CowryCalculatorTestUITests.release.xcconfig"; sourceTree = "<group>"; };
		51BA3C48EE0BE360F1D0FC99 /* Pods_CowryCalculatorTest_CowryCalculatorTestUITests.framework */ = {isa = PBXFileReference; explicitFileType = wrapper.framework; includeInIndex = 0; path = Pods_CowryCalculatorTest_CowryCalculatorTestUITests.framework; sourceTree = BUILT_PRODUCTS_DIR; };
		6274A2D595B049EA0D7DD06D /* Pods_CowryCalculatorTest.framework */ = {isa = PBXFileReference; explicitFileType = wrapper.framework; includeInIndex = 0; path = Pods_CowryCalculatorTest.framework; sourceTree = BUILT_PRODUCTS_DIR; };
		8ACAAA2D1BF41E15433F3695 /* Pods_CowryCalculatorTestTests.framework */ = {isa = PBXFileReference; explicitFileType = wrapper.framework; includeInIndex = 0; path = Pods_CowryCalculatorTestTests.framework; sourceTree = BUILT_PRODUCTS_DIR; };
		C17895262A6011BB0095679B /* CowryCalculatorTest.app */ = {isa = PBXFileReference; explicitFileType = wrapper.application; includeInIndex = 0; path = CowryCalculatorTest.app; sourceTree = BUILT_PRODUCTS_DIR; };
		C17895292A6011BB0095679B /* AppDelegate.swift */ = {isa = PBXFileReference; lastKnownFileType = sourcecode.swift; path = AppDelegate.swift; sourceTree = "<group>"; };
		C178952B2A6011BB0095679B /* SceneDelegate.swift */ = {isa = PBXFileReference; lastKnownFileType = sourcecode.swift; path = SceneDelegate.swift; sourceTree = "<group>"; };
		C178952D2A6011BB0095679B /* ViewController.swift */ = {isa = PBXFileReference; lastKnownFileType = sourcecode.swift; path = ViewController.swift; sourceTree = "<group>"; };
		C17895302A6011BB0095679B /* Base */ = {isa = PBXFileReference; lastKnownFileType = file.storyboard; name = Base; path = Base.lproj/Main.storyboard; sourceTree = "<group>"; };
		C17895322A6011BD0095679B /* Assets.xcassets */ = {isa = PBXFileReference; lastKnownFileType = folder.assetcatalog; path = Assets.xcassets; sourceTree = "<group>"; };
		C17895352A6011BD0095679B /* Base */ = {isa = PBXFileReference; lastKnownFileType = file.storyboard; name = Base; path = Base.lproj/LaunchScreen.storyboard; sourceTree = "<group>"; };
		C17895372A6011BD0095679B /* Info.plist */ = {isa = PBXFileReference; lastKnownFileType = text.plist.xml; path = Info.plist; sourceTree = "<group>"; };
		C178953C2A6011BD0095679B /* CowryCalculatorTestTests.xctest */ = {isa = PBXFileReference; explicitFileType = wrapper.cfbundle; includeInIndex = 0; path = CowryCalculatorTestTests.xctest; sourceTree = BUILT_PRODUCTS_DIR; };
		C17895402A6011BD0095679B /* CowryCalculatorTestTests.swift */ = {isa = PBXFileReference; lastKnownFileType = sourcecode.swift; path = CowryCalculatorTestTests.swift; sourceTree = "<group>"; };
		C17895462A6011BD0095679B /* CowryCalculatorTestUITests.xctest */ = {isa = PBXFileReference; explicitFileType = wrapper.cfbundle; includeInIndex = 0; path = CowryCalculatorTestUITests.xctest; sourceTree = BUILT_PRODUCTS_DIR; };
		C178954A2A6011BD0095679B /* CowryCalculatorTestUITests.swift */ = {isa = PBXFileReference; lastKnownFileType = sourcecode.swift; path = CowryCalculatorTestUITests.swift; sourceTree = "<group>"; };
		C178954C2A6011BD0095679B /* CowryCalculatorTestUITestsLaunchTests.swift */ = {isa = PBXFileReference; lastKnownFileType = sourcecode.swift; path = CowryCalculatorTestUITestsLaunchTests.swift; sourceTree = "<group>"; };
		C178955A2A6011E10095679B /* Cordinator.swift */ = {isa = PBXFileReference; lastKnownFileType = sourcecode.swift; path = Cordinator.swift; sourceTree = "<group>"; };
		C178955C2A6011EC0095679B /* AppCordinator.swift */ = {isa = PBXFileReference; lastKnownFileType = sourcecode.swift; path = AppCordinator.swift; sourceTree = "<group>"; };
		C17895652A6013090095679B /* CalculatorViewController.swift */ = {isa = PBXFileReference; lastKnownFileType = sourcecode.swift; path = CalculatorViewController.swift; sourceTree = "<group>"; };
		C17895672A6013690095679B /* CalculatorLayout.swift */ = {isa = PBXFileReference; lastKnownFileType = sourcecode.swift; path = CalculatorLayout.swift; sourceTree = "<group>"; };
		C178956B2A6015E20095679B /* MontserratAlternates-Regular.ttf */ = {isa = PBXFileReference; lastKnownFileType = file; path = "MontserratAlternates-Regular.ttf"; sourceTree = "<group>"; };
		C178956C2A6015E20095679B /* MontserratAlternates-Bold.ttf */ = {isa = PBXFileReference; lastKnownFileType = file; path = "MontserratAlternates-Bold.ttf"; sourceTree = "<group>"; };
		C178956D2A6015E20095679B /* MontserratAlternates-SemiBold.ttf */ = {isa = PBXFileReference; lastKnownFileType = file; path = "MontserratAlternates-SemiBold.ttf"; sourceTree = "<group>"; };
		C178956E2A6015E20095679B /* MontserratAlternates-Medium.ttf */ = {isa = PBXFileReference; lastKnownFileType = file; path = "MontserratAlternates-Medium.ttf"; sourceTree = "<group>"; };
		C17895732A6015EA0095679B /* OFL.txt */ = {isa = PBXFileReference; fileEncoding = 4; lastKnownFileType = text; path = OFL.txt; sourceTree = "<group>"; };
		C17895762A6016FF0095679B /* Color.xcassets */ = {isa = PBXFileReference; lastKnownFileType = folder.assetcatalog; path = Color.xcassets; sourceTree = "<group>"; };
		C17895792A6017780095679B /* NSMutableAttributedString+Extensions.swift */ = {isa = PBXFileReference; lastKnownFileType = sourcecode.swift; path = "NSMutableAttributedString+Extensions.swift"; sourceTree = "<group>"; };
		C178957B2A60178A0095679B /* UIViewController+Extension.swift */ = {isa = PBXFileReference; lastKnownFileType = sourcecode.swift; path = "UIViewController+Extension.swift"; sourceTree = "<group>"; };
		C178957D2A6017CB0095679B /* CustomTabView.swift */ = {isa = PBXFileReference; lastKnownFileType = sourcecode.swift; path = CustomTabView.swift; sourceTree = "<group>"; };
		C178957F2A6017DC0095679B /* GraphViewLayout.swift */ = {isa = PBXFileReference; lastKnownFileType = sourcecode.swift; path = GraphViewLayout.swift; sourceTree = "<group>"; };
		C17895812A6017F80095679B /* CustomTabItemCell.swift */ = {isa = PBXFileReference; lastKnownFileType = sourcecode.swift; path = CustomTabItemCell.swift; sourceTree = "<group>"; };
		C17895832A6018110095679B /* CountryView.swift */ = {isa = PBXFileReference; lastKnownFileType = sourcecode.swift; path = CountryView.swift; sourceTree = "<group>"; };
		C17895852A60181E0095679B /* PickerView.swift */ = {isa = PBXFileReference; lastKnownFileType = sourcecode.swift; path = PickerView.swift; sourceTree = "<group>"; };
		C17895872A6018290095679B /* CustomTextField.swift */ = {isa = PBXFileReference; lastKnownFileType = sourcecode.swift; path = CustomTextField.swift; sourceTree = "<group>"; };
		C17895892A60183E0095679B /* LineMarkerView.swift */ = {isa = PBXFileReference; lastKnownFileType = sourcecode.swift; path = LineMarkerView.swift; sourceTree = "<group>"; };
		C178958B2A6018540095679B /* Font.swift */ = {isa = PBXFileReference; lastKnownFileType = sourcecode.swift; path = Font.swift; sourceTree = "<group>"; };
		C178958D2A6018BD0095679B /* CustomColor.swift */ = {isa = PBXFileReference; lastKnownFileType = sourcecode.swift; path = CustomColor.swift; sourceTree = "<group>"; };
		C178958F2A6019040095679B /* HttpError.swift */ = {isa = PBXFileReference; lastKnownFileType = sourcecode.swift; path = HttpError.swift; sourceTree = "<group>"; };
		C17895912A6019230095679B /* ApiConfig.swift */ = {isa = PBXFileReference; lastKnownFileType = sourcecode.swift; path = ApiConfig.swift; sourceTree = "<group>"; };
		C17895932A60193F0095679B /* NetworkClient.swift */ = {isa = PBXFileReference; lastKnownFileType = sourcecode.swift; path = NetworkClient.swift; sourceTree = "<group>"; };
		C17895952A6019600095679B /* ConverterService.swift */ = {isa = PBXFileReference; lastKnownFileType = sourcecode.swift; path = ConverterService.swift; sourceTree = "<group>"; };
		CFDBEE97F51A1133F2322882 /* Pods-CowryCalculatorTestTests.release.xcconfig */ = {isa = PBXFileReference; includeInIndex = 1; lastKnownFileType = text.xcconfig; name = "Pods-CowryCalculatorTestTests.release.xcconfig"; path = "Target Support Files/Pods-CowryCalculatorTestTests/Pods-CowryCalculatorTestTests.release.xcconfig"; sourceTree = "<group>"; };
		CFF06639E98C5A5044E27F68 /* Pods-CowryCalculatorTestTests.debug.xcconfig */ = {isa = PBXFileReference; includeInIndex = 1; lastKnownFileType = text.xcconfig; name = "Pods-CowryCalculatorTestTests.debug.xcconfig"; path = "Target Support Files/Pods-CowryCalculatorTestTests/Pods-CowryCalculatorTestTests.debug.xcconfig"; sourceTree = "<group>"; };
		E6C64DA6E0ACE9E9D64C6ED6 /* Pods-CowryCalculatorTest.release.xcconfig */ = {isa = PBXFileReference; includeInIndex = 1; lastKnownFileType = text.xcconfig; name = "Pods-CowryCalculatorTest.release.xcconfig"; path = "Target Support Files/Pods-CowryCalculatorTest/Pods-CowryCalculatorTest.release.xcconfig"; sourceTree = "<group>"; };
		EB244B1F8CC0986FE17748D6 /* Pods-CowryCalculatorTest.debug.xcconfig */ = {isa = PBXFileReference; includeInIndex = 1; lastKnownFileType = text.xcconfig; name = "Pods-CowryCalculatorTest.debug.xcconfig"; path = "Target Support Files/Pods-CowryCalculatorTest/Pods-CowryCalculatorTest.debug.xcconfig"; sourceTree = "<group>"; };
		EE9558A34155BDF439416989 /* Pods-CowryCalculatorTest-CowryCalculatorTestUITests.debug.xcconfig */ = {isa = PBXFileReference; includeInIndex = 1; lastKnownFileType = text.xcconfig; name = "Pods-CowryCalculatorTest-CowryCalculatorTestUITests.debug.xcconfig"; path = "Target Support Files/Pods-CowryCalculatorTest-CowryCalculatorTestUITests/Pods-CowryCalculatorTest-CowryCalculatorTestUITests.debug.xcconfig"; sourceTree = "<group>"; };
/* End PBXFileReference section */

/* Begin PBXFrameworksBuildPhase section */
		C17895232A6011BB0095679B /* Frameworks */ = {
			isa = PBXFrameworksBuildPhase;
			buildActionMask = 2147483647;
			files = (
				8E8CDC1C115077AE7F3978C4 /* Pods_CowryCalculatorTest.framework in Frameworks */,
			);
			runOnlyForDeploymentPostprocessing = 0;
		};
		C17895392A6011BD0095679B /* Frameworks */ = {
			isa = PBXFrameworksBuildPhase;
			buildActionMask = 2147483647;
			files = (
				6B42F48CEC524F4B88EC75D7 /* Pods_CowryCalculatorTestTests.framework in Frameworks */,
			);
			runOnlyForDeploymentPostprocessing = 0;
		};
		C17895432A6011BD0095679B /* Frameworks */ = {
			isa = PBXFrameworksBuildPhase;
			buildActionMask = 2147483647;
			files = (
				2155B747D788A11E89654BF3 /* Pods_CowryCalculatorTest_CowryCalculatorTestUITests.framework in Frameworks */,
			);
			runOnlyForDeploymentPostprocessing = 0;
		};
/* End PBXFrameworksBuildPhase section */

/* Begin PBXGroup section */
		A2B09B1D4F4969939F09AC83 /* Frameworks */ = {
			isa = PBXGroup;
			children = (
				6274A2D595B049EA0D7DD06D /* Pods_CowryCalculatorTest.framework */,
				51BA3C48EE0BE360F1D0FC99 /* Pods_CowryCalculatorTest_CowryCalculatorTestUITests.framework */,
				8ACAAA2D1BF41E15433F3695 /* Pods_CowryCalculatorTestTests.framework */,
			);
			name = Frameworks;
			sourceTree = "<group>";
		};
		BA2D85D957AE08B658072B35 /* Pods */ = {
			isa = PBXGroup;
			children = (
				EB244B1F8CC0986FE17748D6 /* Pods-CowryCalculatorTest.debug.xcconfig */,
				E6C64DA6E0ACE9E9D64C6ED6 /* Pods-CowryCalculatorTest.release.xcconfig */,
				EE9558A34155BDF439416989 /* Pods-CowryCalculatorTest-CowryCalculatorTestUITests.debug.xcconfig */,
				41EC08A1DDDB1F286B70E50E /* Pods-CowryCalculatorTest-CowryCalculatorTestUITests.release.xcconfig */,
				CFF06639E98C5A5044E27F68 /* Pods-CowryCalculatorTestTests.debug.xcconfig */,
				CFDBEE97F51A1133F2322882 /* Pods-CowryCalculatorTestTests.release.xcconfig */,
			);
			name = Pods;
			path = Pods;
			sourceTree = "<group>";
		};
		C178951D2A6011BB0095679B = {
			isa = PBXGroup;
			children = (
				C17895282A6011BB0095679B /* CowryCalculatorTest */,
				C178953F2A6011BD0095679B /* CowryCalculatorTestTests */,
				C17895492A6011BD0095679B /* CowryCalculatorTestUITests */,
				C17895272A6011BB0095679B /* Products */,
				BA2D85D957AE08B658072B35 /* Pods */,
				A2B09B1D4F4969939F09AC83 /* Frameworks */,
			);
			sourceTree = "<group>";
		};
		C17895272A6011BB0095679B /* Products */ = {
			isa = PBXGroup;
			children = (
				C17895262A6011BB0095679B /* CowryCalculatorTest.app */,
				C178953C2A6011BD0095679B /* CowryCalculatorTestTests.xctest */,
				C17895462A6011BD0095679B /* CowryCalculatorTestUITests.xctest */,
			);
			name = Products;
			sourceTree = "<group>";
		};
		C17895282A6011BB0095679B /* CowryCalculatorTest */ = {
			isa = PBXGroup;
			children = (
				C17895752A6016ED0095679B /* Assets */,
				C17895692A6015BC0095679B /* font */,
				C178955E2A60122A0095679B /* App */,
				C17895592A6011C40095679B /* Cordinator */,
				C17895292A6011BB0095679B /* AppDelegate.swift */,
				C178952B2A6011BB0095679B /* SceneDelegate.swift */,
				C178952D2A6011BB0095679B /* ViewController.swift */,
				C178952F2A6011BB0095679B /* Main.storyboard */,
				C17895342A6011BD0095679B /* LaunchScreen.storyboard */,
				C17895372A6011BD0095679B /* Info.plist */,
			);
			path = CowryCalculatorTest;
			sourceTree = "<group>";
		};
		C178953F2A6011BD0095679B /* CowryCalculatorTestTests */ = {
			isa = PBXGroup;
			children = (
				C17895402A6011BD0095679B /* CowryCalculatorTestTests.swift */,
			);
			path = CowryCalculatorTestTests;
			sourceTree = "<group>";
		};
		C17895492A6011BD0095679B /* CowryCalculatorTestUITests */ = {
			isa = PBXGroup;
			children = (
				C178954A2A6011BD0095679B /* CowryCalculatorTestUITests.swift */,
				C178954C2A6011BD0095679B /* CowryCalculatorTestUITestsLaunchTests.swift */,
			);
			path = CowryCalculatorTestUITests;
			sourceTree = "<group>";
		};
		C17895592A6011C40095679B /* Cordinator */ = {
			isa = PBXGroup;
			children = (
				C178955A2A6011E10095679B /* Cordinator.swift */,
				C178955C2A6011EC0095679B /* AppCordinator.swift */,
			);
			path = Cordinator;
			sourceTree = "<group>";
		};
		C178955E2A60122A0095679B /* App */ = {
			isa = PBXGroup;
			children = (
				C17895782A6017630095679B /* Extension */,
				C17895622A6012460095679B /* ViewModel */,
				C17895612A60123E0095679B /* Model */,
				C17895602A6012370095679B /* Network */,
				C178955F2A60122F0095679B /* Presentation */,
			);
			path = App;
			sourceTree = "<group>";
		};
		C178955F2A60122F0095679B /* Presentation */ = {
			isa = PBXGroup;
			children = (
				C17895642A6012570095679B /* View */,
				C17895632A60124E0095679B /* CustomView */,
			);
			path = Presentation;
			sourceTree = "<group>";
		};
		C17895602A6012370095679B /* Network */ = {
			isa = PBXGroup;
			children = (
				C178958F2A6019040095679B /* HttpError.swift */,
				C17895912A6019230095679B /* ApiConfig.swift */,
				C17895932A60193F0095679B /* NetworkClient.swift */,
				C17895952A6019600095679B /* ConverterService.swift */,
			);
			path = Network;
			sourceTree = "<group>";
		};
		C17895612A60123E0095679B /* Model */ = {
			isa = PBXGroup;
			children = (
			);
			path = Model;
			sourceTree = "<group>";
		};
		C17895622A6012460095679B /* ViewModel */ = {
			isa = PBXGroup;
			children = (
			);
			path = ViewModel;
			sourceTree = "<group>";
		};
		C17895632A60124E0095679B /* CustomView */ = {
			isa = PBXGroup;
			children = (
				C178957D2A6017CB0095679B /* CustomTabView.swift */,
				C178957F2A6017DC0095679B /* GraphViewLayout.swift */,
				C17895812A6017F80095679B /* CustomTabItemCell.swift */,
				C17895832A6018110095679B /* CountryView.swift */,
				C17895852A60181E0095679B /* PickerView.swift */,
				C17895872A6018290095679B /* CustomTextField.swift */,
				C17895892A60183E0095679B /* LineMarkerView.swift */,
				C178958B2A6018540095679B /* Font.swift */,
				C178958D2A6018BD0095679B /* CustomColor.swift */,
			);
			path = CustomView;
			sourceTree = "<group>";
		};
		C17895642A6012570095679B /* View */ = {
			isa = PBXGroup;
			children = (
				C17895652A6013090095679B /* CalculatorViewController.swift */,
				C17895672A6013690095679B /* CalculatorLayout.swift */,
			);
			path = View;
			sourceTree = "<group>";
		};
		C17895692A6015BC0095679B /* font */ = {
			isa = PBXGroup;
			children = (
				C178956A2A6015CF0095679B /* Montserrat_Alternates */,
			);
			path = font;
			sourceTree = "<group>";
		};
		C178956A2A6015CF0095679B /* Montserrat_Alternates */ = {
			isa = PBXGroup;
			children = (
				C178956C2A6015E20095679B /* MontserratAlternates-Bold.ttf */,
				C178956E2A6015E20095679B /* MontserratAlternates-Medium.ttf */,
				C178956B2A6015E20095679B /* MontserratAlternates-Regular.ttf */,
				C17895732A6015EA0095679B /* OFL.txt */,
				C178956D2A6015E20095679B /* MontserratAlternates-SemiBold.ttf */,
			);
			path = Montserrat_Alternates;
			sourceTree = "<group>";
		};
		C17895752A6016ED0095679B /* Assets */ = {
			isa = PBXGroup;
			children = (
				C17895322A6011BD0095679B /* Assets.xcassets */,
				C17895762A6016FF0095679B /* Color.xcassets */,
			);
			path = Assets;
			sourceTree = "<group>";
		};
		C17895782A6017630095679B /* Extension */ = {
			isa = PBXGroup;
			children = (
				C17895792A6017780095679B /* NSMutableAttributedString+Extensions.swift */,
				C178957B2A60178A0095679B /* UIViewController+Extension.swift */,
			);
			path = Extension;
			sourceTree = "<group>";
		};
/* End PBXGroup section */

/* Begin PBXNativeTarget section */
		C17895252A6011BB0095679B /* CowryCalculatorTest */ = {
			isa = PBXNativeTarget;
			buildConfigurationList = C17895502A6011BD0095679B /* Build configuration list for PBXNativeTarget "CowryCalculatorTest" */;
			buildPhases = (
				A25574029EE6C88D6C85C832 /* [CP] Check Pods Manifest.lock */,
				C17895222A6011BB0095679B /* Sources */,
				C17895232A6011BB0095679B /* Frameworks */,
				C17895242A6011BB0095679B /* Resources */,
				8B18329EB08A64D8B65D38D2 /* [CP] Embed Pods Frameworks */,
			);
			buildRules = (
			);
			dependencies = (
			);
			name = CowryCalculatorTest;
			productName = CowryCalculatorTest;
			productReference = C17895262A6011BB0095679B /* CowryCalculatorTest.app */;
			productType = "com.apple.product-type.application";
		};
		C178953B2A6011BD0095679B /* CowryCalculatorTestTests */ = {
			isa = PBXNativeTarget;
			buildConfigurationList = C17895532A6011BD0095679B /* Build configuration list for PBXNativeTarget "CowryCalculatorTestTests" */;
			buildPhases = (
				88CD308040CD98ECFA6983BB /* [CP] Check Pods Manifest.lock */,
				C17895382A6011BD0095679B /* Sources */,
				C17895392A6011BD0095679B /* Frameworks */,
				C178953A2A6011BD0095679B /* Resources */,
			);
			buildRules = (
			);
			dependencies = (
				C178953E2A6011BD0095679B /* PBXTargetDependency */,
			);
			name = CowryCalculatorTestTests;
			productName = CowryCalculatorTestTests;
			productReference = C178953C2A6011BD0095679B /* CowryCalculatorTestTests.xctest */;
			productType = "com.apple.product-type.bundle.unit-test";
		};
		C17895452A6011BD0095679B /* CowryCalculatorTestUITests */ = {
			isa = PBXNativeTarget;
			buildConfigurationList = C17895562A6011BD0095679B /* Build configuration list for PBXNativeTarget "CowryCalculatorTestUITests" */;
			buildPhases = (
				A0FB3432FD9395FF0EF9A946 /* [CP] Check Pods Manifest.lock */,
				C17895422A6011BD0095679B /* Sources */,
				C17895432A6011BD0095679B /* Frameworks */,
				C17895442A6011BD0095679B /* Resources */,
				31AEFA1AFD59217E6ACE90F6 /* [CP] Embed Pods Frameworks */,
			);
			buildRules = (
			);
			dependencies = (
				C17895482A6011BD0095679B /* PBXTargetDependency */,
			);
			name = CowryCalculatorTestUITests;
			productName = CowryCalculatorTestUITests;
			productReference = C17895462A6011BD0095679B /* CowryCalculatorTestUITests.xctest */;
			productType = "com.apple.product-type.bundle.ui-testing";
		};
/* End PBXNativeTarget section */

/* Begin PBXProject section */
		C178951E2A6011BB0095679B /* Project object */ = {
			isa = PBXProject;
			attributes = {
				BuildIndependentTargetsInParallel = 1;
				LastSwiftUpdateCheck = 1430;
				LastUpgradeCheck = 1430;
				TargetAttributes = {
					C17895252A6011BB0095679B = {
						CreatedOnToolsVersion = 14.3;
					};
					C178953B2A6011BD0095679B = {
						CreatedOnToolsVersion = 14.3;
						TestTargetID = C17895252A6011BB0095679B;
					};
					C17895452A6011BD0095679B = {
						CreatedOnToolsVersion = 14.3;
						TestTargetID = C17895252A6011BB0095679B;
					};
				};
			};
			buildConfigurationList = C17895212A6011BB0095679B /* Build configuration list for PBXProject "CowryCalculatorTest" */;
			compatibilityVersion = "Xcode 14.0";
			developmentRegion = en;
			hasScannedForEncodings = 0;
			knownRegions = (
				en,
				Base,
			);
			mainGroup = C178951D2A6011BB0095679B;
			productRefGroup = C17895272A6011BB0095679B /* Products */;
			projectDirPath = "";
			projectRoot = "";
			targets = (
				C17895252A6011BB0095679B /* CowryCalculatorTest */,
				C178953B2A6011BD0095679B /* CowryCalculatorTestTests */,
				C17895452A6011BD0095679B /* CowryCalculatorTestUITests */,
			);
		};
/* End PBXProject section */

/* Begin PBXResourcesBuildPhase section */
		C17895242A6011BB0095679B /* Resources */ = {
			isa = PBXResourcesBuildPhase;
			buildActionMask = 2147483647;
			files = (
				C17895362A6011BD0095679B /* LaunchScreen.storyboard in Resources */,
				C17895332A6011BD0095679B /* Assets.xcassets in Resources */,
				C178956F2A6015E20095679B /* MontserratAlternates-Regular.ttf in Resources */,
				C17895712A6015E20095679B /* MontserratAlternates-SemiBold.ttf in Resources */,
				C17895312A6011BB0095679B /* Main.storyboard in Resources */,
				C17895702A6015E20095679B /* MontserratAlternates-Bold.ttf in Resources */,
				C17895742A6015EA0095679B /* OFL.txt in Resources */,
				C17895722A6015E20095679B /* MontserratAlternates-Medium.ttf in Resources */,
				C17895772A6016FF0095679B /* Color.xcassets in Resources */,
			);
			runOnlyForDeploymentPostprocessing = 0;
		};
		C178953A2A6011BD0095679B /* Resources */ = {
			isa = PBXResourcesBuildPhase;
			buildActionMask = 2147483647;
			files = (
			);
			runOnlyForDeploymentPostprocessing = 0;
		};
		C17895442A6011BD0095679B /* Resources */ = {
			isa = PBXResourcesBuildPhase;
			buildActionMask = 2147483647;
			files = (
			);
			runOnlyForDeploymentPostprocessing = 0;
		};
/* End PBXResourcesBuildPhase section */

/* Begin PBXShellScriptBuildPhase section */
		31AEFA1AFD59217E6ACE90F6 /* [CP] Embed Pods Frameworks */ = {
			isa = PBXShellScriptBuildPhase;
			buildActionMask = 2147483647;
			files = (
			);
			inputFileListPaths = (
				"${PODS_ROOT}/Target Support Files/Pods-CowryCalculatorTest-CowryCalculatorTestUITests/Pods-CowryCalculatorTest-CowryCalculatorTestUITests-frameworks-${CONFIGURATION}-input-files.xcfilelist",
			);
			name = "[CP] Embed Pods Frameworks";
			outputFileListPaths = (
				"${PODS_ROOT}/Target Support Files/Pods-CowryCalculatorTest-CowryCalculatorTestUITests/Pods-CowryCalculatorTest-CowryCalculatorTestUITests-frameworks-${CONFIGURATION}-output-files.xcfilelist",
			);
			runOnlyForDeploymentPostprocessing = 0;
			shellPath = /bin/sh;
			shellScript = "\"${PODS_ROOT}/Target Support Files/Pods-CowryCalculatorTest-CowryCalculatorTestUITests/Pods-CowryCalculatorTest-CowryCalculatorTestUITests-frameworks.sh\"\n";
			showEnvVarsInLog = 0;
		};
		88CD308040CD98ECFA6983BB /* [CP] Check Pods Manifest.lock */ = {
			isa = PBXShellScriptBuildPhase;
			buildActionMask = 2147483647;
			files = (
			);
			inputFileListPaths = (
			);
			inputPaths = (
				"${PODS_PODFILE_DIR_PATH}/Podfile.lock",
				"${PODS_ROOT}/Manifest.lock",
			);
			name = "[CP] Check Pods Manifest.lock";
			outputFileListPaths = (
			);
			outputPaths = (
				"$(DERIVED_FILE_DIR)/Pods-CowryCalculatorTestTests-checkManifestLockResult.txt",
			);
			runOnlyForDeploymentPostprocessing = 0;
			shellPath = /bin/sh;
			shellScript = "diff \"${PODS_PODFILE_DIR_PATH}/Podfile.lock\" \"${PODS_ROOT}/Manifest.lock\" > /dev/null\nif [ $? != 0 ] ; then\n    # print error to STDERR\n    echo \"error: The sandbox is not in sync with the Podfile.lock. Run 'pod install' or update your CocoaPods installation.\" >&2\n    exit 1\nfi\n# This output is used by Xcode 'outputs' to avoid re-running this script phase.\necho \"SUCCESS\" > \"${SCRIPT_OUTPUT_FILE_0}\"\n";
			showEnvVarsInLog = 0;
		};
		8B18329EB08A64D8B65D38D2 /* [CP] Embed Pods Frameworks */ = {
			isa = PBXShellScriptBuildPhase;
			buildActionMask = 2147483647;
			files = (
			);
			inputFileListPaths = (
				"${PODS_ROOT}/Target Support Files/Pods-CowryCalculatorTest/Pods-CowryCalculatorTest-frameworks-${CONFIGURATION}-input-files.xcfilelist",
			);
			name = "[CP] Embed Pods Frameworks";
			outputFileListPaths = (
				"${PODS_ROOT}/Target Support Files/Pods-CowryCalculatorTest/Pods-CowryCalculatorTest-frameworks-${CONFIGURATION}-output-files.xcfilelist",
			);
			runOnlyForDeploymentPostprocessing = 0;
			shellPath = /bin/sh;
			shellScript = "\"${PODS_ROOT}/Target Support Files/Pods-CowryCalculatorTest/Pods-CowryCalculatorTest-frameworks.sh\"\n";
			showEnvVarsInLog = 0;
		};
		A0FB3432FD9395FF0EF9A946 /* [CP] Check Pods Manifest.lock */ = {
			isa = PBXShellScriptBuildPhase;
			buildActionMask = 2147483647;
			files = (
			);
			inputFileListPaths = (
			);
			inputPaths = (
				"${PODS_PODFILE_DIR_PATH}/Podfile.lock",
				"${PODS_ROOT}/Manifest.lock",
			);
			name = "[CP] Check Pods Manifest.lock";
			outputFileListPaths = (
			);
			outputPaths = (
				"$(DERIVED_FILE_DIR)/Pods-CowryCalculatorTest-CowryCalculatorTestUITests-checkManifestLockResult.txt",
			);
			runOnlyForDeploymentPostprocessing = 0;
			shellPath = /bin/sh;
			shellScript = "diff \"${PODS_PODFILE_DIR_PATH}/Podfile.lock\" \"${PODS_ROOT}/Manifest.lock\" > /dev/null\nif [ $? != 0 ] ; then\n    # print error to STDERR\n    echo \"error: The sandbox is not in sync with the Podfile.lock. Run 'pod install' or update your CocoaPods installation.\" >&2\n    exit 1\nfi\n# This output is used by Xcode 'outputs' to avoid re-running this script phase.\necho \"SUCCESS\" > \"${SCRIPT_OUTPUT_FILE_0}\"\n";
			showEnvVarsInLog = 0;
		};
		A25574029EE6C88D6C85C832 /* [CP] Check Pods Manifest.lock */ = {
			isa = PBXShellScriptBuildPhase;
			buildActionMask = 2147483647;
			files = (
			);
			inputFileListPaths = (
			);
			inputPaths = (
				"${PODS_PODFILE_DIR_PATH}/Podfile.lock",
				"${PODS_ROOT}/Manifest.lock",
			);
			name = "[CP] Check Pods Manifest.lock";
			outputFileListPaths = (
			);
			outputPaths = (
				"$(DERIVED_FILE_DIR)/Pods-CowryCalculatorTest-checkManifestLockResult.txt",
			);
			runOnlyForDeploymentPostprocessing = 0;
			shellPath = /bin/sh;
			shellScript = "diff \"${PODS_PODFILE_DIR_PATH}/Podfile.lock\" \"${PODS_ROOT}/Manifest.lock\" > /dev/null\nif [ $? != 0 ] ; then\n    # print error to STDERR\n    echo \"error: The sandbox is not in sync with the Podfile.lock. Run 'pod install' or update your CocoaPods installation.\" >&2\n    exit 1\nfi\n# This output is used by Xcode 'outputs' to avoid re-running this script phase.\necho \"SUCCESS\" > \"${SCRIPT_OUTPUT_FILE_0}\"\n";
			showEnvVarsInLog = 0;
		};
/* End PBXShellScriptBuildPhase section */

/* Begin PBXSourcesBuildPhase section */
		C17895222A6011BB0095679B /* Sources */ = {
			isa = PBXSourcesBuildPhase;
			buildActionMask = 2147483647;
			files = (
				C17895902A6019040095679B /* HttpError.swift in Sources */,
				C178957C2A60178A0095679B /* UIViewController+Extension.swift in Sources */,
				C178955D2A6011EC0095679B /* AppCordinator.swift in Sources */,
				C178958E2A6018BD0095679B /* CustomColor.swift in Sources */,
				C17895682A6013690095679B /* CalculatorLayout.swift in Sources */,
				C178957A2A6017780095679B /* NSMutableAttributedString+Extensions.swift in Sources */,
				C178958A2A60183E0095679B /* LineMarkerView.swift in Sources */,
				C178955B2A6011E10095679B /* Cordinator.swift in Sources */,
				C17895962A6019600095679B /* ConverterService.swift in Sources */,
				C178952E2A6011BB0095679B /* ViewController.swift in Sources */,
				C178952A2A6011BB0095679B /* AppDelegate.swift in Sources */,
				C17895922A6019230095679B /* ApiConfig.swift in Sources */,
				C17895942A60193F0095679B /* NetworkClient.swift in Sources */,
				C17895802A6017DC0095679B /* GraphViewLayout.swift in Sources */,
				C178957E2A6017CB0095679B /* CustomTabView.swift in Sources */,
				C17895662A6013090095679B /* CalculatorViewController.swift in Sources */,
				C178952C2A6011BB0095679B /* SceneDelegate.swift in Sources */,
				C178958C2A6018550095679B /* Font.swift in Sources */,
				C17895822A6017F80095679B /* CustomTabItemCell.swift in Sources */,
				C17895862A60181E0095679B /* PickerView.swift in Sources */,
				C17895842A6018110095679B /* CountryView.swift in Sources */,
				C17895882A6018290095679B /* CustomTextField.swift in Sources */,
			);
			runOnlyForDeploymentPostprocessing = 0;
		};
		C17895382A6011BD0095679B /* Sources */ = {
			isa = PBXSourcesBuildPhase;
			buildActionMask = 2147483647;
			files = (
				C17895412A6011BD0095679B /* CowryCalculatorTestTests.swift in Sources */,
			);
			runOnlyForDeploymentPostprocessing = 0;
		};
		C17895422A6011BD0095679B /* Sources */ = {
			isa = PBXSourcesBuildPhase;
			buildActionMask = 2147483647;
			files = (
				C178954B2A6011BD0095679B /* CowryCalculatorTestUITests.swift in Sources */,
				C178954D2A6011BD0095679B /* CowryCalculatorTestUITestsLaunchTests.swift in Sources */,
			);
			runOnlyForDeploymentPostprocessing = 0;
		};
/* End PBXSourcesBuildPhase section */

/* Begin PBXTargetDependency section */
		C178953E2A6011BD0095679B /* PBXTargetDependency */ = {
			isa = PBXTargetDependency;
			target = C17895252A6011BB0095679B /* CowryCalculatorTest */;
			targetProxy = C178953D2A6011BD0095679B /* PBXContainerItemProxy */;
		};
		C17895482A6011BD0095679B /* PBXTargetDependency */ = {
			isa = PBXTargetDependency;
			target = C17895252A6011BB0095679B /* CowryCalculatorTest */;
			targetProxy = C17895472A6011BD0095679B /* PBXContainerItemProxy */;
		};
/* End PBXTargetDependency section */

/* Begin PBXVariantGroup section */
		C178952F2A6011BB0095679B /* Main.storyboard */ = {
			isa = PBXVariantGroup;
			children = (
				C17895302A6011BB0095679B /* Base */,
			);
			name = Main.storyboard;
			sourceTree = "<group>";
		};
		C17895342A6011BD0095679B /* LaunchScreen.storyboard */ = {
			isa = PBXVariantGroup;
			children = (
				C17895352A6011BD0095679B /* Base */,
			);
			name = LaunchScreen.storyboard;
			sourceTree = "<group>";
		};
/* End PBXVariantGroup section */

/* Begin XCBuildConfiguration section */
		C178954E2A6011BD0095679B /* Debug */ = {
			isa = XCBuildConfiguration;
			buildSettings = {
				ALWAYS_SEARCH_USER_PATHS = NO;
				CLANG_ANALYZER_NONNULL = YES;
				CLANG_ANALYZER_NUMBER_OBJECT_CONVERSION = YES_AGGRESSIVE;
				CLANG_CXX_LANGUAGE_STANDARD = "gnu++20";
				CLANG_ENABLE_MODULES = YES;
				CLANG_ENABLE_OBJC_ARC = YES;
				CLANG_ENABLE_OBJC_WEAK = YES;
				CLANG_WARN_BLOCK_CAPTURE_AUTORELEASING = YES;
				CLANG_WARN_BOOL_CONVERSION = YES;
				CLANG_WARN_COMMA = YES;
				CLANG_WARN_CONSTANT_CONVERSION = YES;
				CLANG_WARN_DEPRECATED_OBJC_IMPLEMENTATIONS = YES;
				CLANG_WARN_DIRECT_OBJC_ISA_USAGE = YES_ERROR;
				CLANG_WARN_DOCUMENTATION_COMMENTS = YES;
				CLANG_WARN_EMPTY_BODY = YES;
				CLANG_WARN_ENUM_CONVERSION = YES;
				CLANG_WARN_INFINITE_RECURSION = YES;
				CLANG_WARN_INT_CONVERSION = YES;
				CLANG_WARN_NON_LITERAL_NULL_CONVERSION = YES;
				CLANG_WARN_OBJC_IMPLICIT_RETAIN_SELF = YES;
				CLANG_WARN_OBJC_LITERAL_CONVERSION = YES;
				CLANG_WARN_OBJC_ROOT_CLASS = YES_ERROR;
				CLANG_WARN_QUOTED_INCLUDE_IN_FRAMEWORK_HEADER = YES;
				CLANG_WARN_RANGE_LOOP_ANALYSIS = YES;
				CLANG_WARN_STRICT_PROTOTYPES = YES;
				CLANG_WARN_SUSPICIOUS_MOVE = YES;
				CLANG_WARN_UNGUARDED_AVAILABILITY = YES_AGGRESSIVE;
				CLANG_WARN_UNREACHABLE_CODE = YES;
				CLANG_WARN__DUPLICATE_METHOD_MATCH = YES;
				COPY_PHASE_STRIP = NO;
				DEBUG_INFORMATION_FORMAT = dwarf;
				ENABLE_STRICT_OBJC_MSGSEND = YES;
				ENABLE_TESTABILITY = YES;
				GCC_C_LANGUAGE_STANDARD = gnu11;
				GCC_DYNAMIC_NO_PIC = NO;
				GCC_NO_COMMON_BLOCKS = YES;
				GCC_OPTIMIZATION_LEVEL = 0;
				GCC_PREPROCESSOR_DEFINITIONS = (
					"DEBUG=1",
					"$(inherited)",
				);
				GCC_WARN_64_TO_32_BIT_CONVERSION = YES;
				GCC_WARN_ABOUT_RETURN_TYPE = YES_ERROR;
				GCC_WARN_UNDECLARED_SELECTOR = YES;
				GCC_WARN_UNINITIALIZED_AUTOS = YES_AGGRESSIVE;
				GCC_WARN_UNUSED_FUNCTION = YES;
				GCC_WARN_UNUSED_VARIABLE = YES;
				IPHONEOS_DEPLOYMENT_TARGET = 16.4;
				MTL_ENABLE_DEBUG_INFO = INCLUDE_SOURCE;
				MTL_FAST_MATH = YES;
				ONLY_ACTIVE_ARCH = YES;
				SDKROOT = iphoneos;
				SWIFT_ACTIVE_COMPILATION_CONDITIONS = DEBUG;
				SWIFT_OPTIMIZATION_LEVEL = "-Onone";
			};
			name = Debug;
		};
		C178954F2A6011BD0095679B /* Release */ = {
			isa = XCBuildConfiguration;
			buildSettings = {
				ALWAYS_SEARCH_USER_PATHS = NO;
				CLANG_ANALYZER_NONNULL = YES;
				CLANG_ANALYZER_NUMBER_OBJECT_CONVERSION = YES_AGGRESSIVE;
				CLANG_CXX_LANGUAGE_STANDARD = "gnu++20";
				CLANG_ENABLE_MODULES = YES;
				CLANG_ENABLE_OBJC_ARC = YES;
				CLANG_ENABLE_OBJC_WEAK = YES;
				CLANG_WARN_BLOCK_CAPTURE_AUTORELEASING = YES;
				CLANG_WARN_BOOL_CONVERSION = YES;
				CLANG_WARN_COMMA = YES;
				CLANG_WARN_CONSTANT_CONVERSION = YES;
				CLANG_WARN_DEPRECATED_OBJC_IMPLEMENTATIONS = YES;
				CLANG_WARN_DIRECT_OBJC_ISA_USAGE = YES_ERROR;
				CLANG_WARN_DOCUMENTATION_COMMENTS = YES;
				CLANG_WARN_EMPTY_BODY = YES;
				CLANG_WARN_ENUM_CONVERSION = YES;
				CLANG_WARN_INFINITE_RECURSION = YES;
				CLANG_WARN_INT_CONVERSION = YES;
				CLANG_WARN_NON_LITERAL_NULL_CONVERSION = YES;
				CLANG_WARN_OBJC_IMPLICIT_RETAIN_SELF = YES;
				CLANG_WARN_OBJC_LITERAL_CONVERSION = YES;
				CLANG_WARN_OBJC_ROOT_CLASS = YES_ERROR;
				CLANG_WARN_QUOTED_INCLUDE_IN_FRAMEWORK_HEADER = YES;
				CLANG_WARN_RANGE_LOOP_ANALYSIS = YES;
				CLANG_WARN_STRICT_PROTOTYPES = YES;
				CLANG_WARN_SUSPICIOUS_MOVE = YES;
				CLANG_WARN_UNGUARDED_AVAILABILITY = YES_AGGRESSIVE;
				CLANG_WARN_UNREACHABLE_CODE = YES;
				CLANG_WARN__DUPLICATE_METHOD_MATCH = YES;
				COPY_PHASE_STRIP = NO;
				DEBUG_INFORMATION_FORMAT = "dwarf-with-dsym";
				ENABLE_NS_ASSERTIONS = NO;
				ENABLE_STRICT_OBJC_MSGSEND = YES;
				GCC_C_LANGUAGE_STANDARD = gnu11;
				GCC_NO_COMMON_BLOCKS = YES;
				GCC_WARN_64_TO_32_BIT_CONVERSION = YES;
				GCC_WARN_ABOUT_RETURN_TYPE = YES_ERROR;
				GCC_WARN_UNDECLARED_SELECTOR = YES;
				GCC_WARN_UNINITIALIZED_AUTOS = YES_AGGRESSIVE;
				GCC_WARN_UNUSED_FUNCTION = YES;
				GCC_WARN_UNUSED_VARIABLE = YES;
				IPHONEOS_DEPLOYMENT_TARGET = 16.4;
				MTL_ENABLE_DEBUG_INFO = NO;
				MTL_FAST_MATH = YES;
				SDKROOT = iphoneos;
				SWIFT_COMPILATION_MODE = wholemodule;
				SWIFT_OPTIMIZATION_LEVEL = "-O";
				VALIDATE_PRODUCT = YES;
			};
			name = Release;
		};
		C17895512A6011BD0095679B /* Debug */ = {
			isa = XCBuildConfiguration;
			baseConfigurationReference = EB244B1F8CC0986FE17748D6 /* Pods-CowryCalculatorTest.debug.xcconfig */;
			buildSettings = {
				ASSETCATALOG_COMPILER_APPICON_NAME = AppIcon;
				ASSETCATALOG_COMPILER_GLOBAL_ACCENT_COLOR_NAME = AccentColor;
				CODE_SIGN_STYLE = Automatic;
				CURRENT_PROJECT_VERSION = 1;
				DEVELOPMENT_TEAM = CJ4865LJ47;
				GENERATE_INFOPLIST_FILE = YES;
				INFOPLIST_FILE = CowryCalculatorTest/Info.plist;
				INFOPLIST_KEY_UIApplicationSupportsIndirectInputEvents = YES;
				INFOPLIST_KEY_UILaunchStoryboardName = LaunchScreen;
				INFOPLIST_KEY_UIMainStoryboardFile = Main;
				INFOPLIST_KEY_UISupportedInterfaceOrientations_iPad = "UIInterfaceOrientationPortrait UIInterfaceOrientationPortraitUpsideDown UIInterfaceOrientationLandscapeLeft UIInterfaceOrientationLandscapeRight";
				INFOPLIST_KEY_UISupportedInterfaceOrientations_iPhone = "UIInterfaceOrientationPortrait UIInterfaceOrientationLandscapeLeft UIInterfaceOrientationLandscapeRight";
				LD_RUNPATH_SEARCH_PATHS = (
					"$(inherited)",
					"@executable_path/Frameworks",
				);
				MARKETING_VERSION = 1.0;
				PRODUCT_BUNDLE_IDENTIFIER = cowry.CowryCalculatorTest;
				PRODUCT_NAME = "$(TARGET_NAME)";
				SWIFT_EMIT_LOC_STRINGS = YES;
				SWIFT_VERSION = 5.0;
				TARGETED_DEVICE_FAMILY = "1,2";
			};
			name = Debug;
		};
		C17895522A6011BD0095679B /* Release */ = {
			isa = XCBuildConfiguration;
			baseConfigurationReference = E6C64DA6E0ACE9E9D64C6ED6 /* Pods-CowryCalculatorTest.release.xcconfig */;
			buildSettings = {
				ASSETCATALOG_COMPILER_APPICON_NAME = AppIcon;
				ASSETCATALOG_COMPILER_GLOBAL_ACCENT_COLOR_NAME = AccentColor;
				CODE_SIGN_STYLE = Automatic;
				CURRENT_PROJECT_VERSION = 1;
				DEVELOPMENT_TEAM = CJ4865LJ47;
				GENERATE_INFOPLIST_FILE = YES;
				INFOPLIST_FILE = CowryCalculatorTest/Info.plist;
				INFOPLIST_KEY_UIApplicationSupportsIndirectInputEvents = YES;
				INFOPLIST_KEY_UILaunchStoryboardName = LaunchScreen;
				INFOPLIST_KEY_UIMainStoryboardFile = Main;
				INFOPLIST_KEY_UISupportedInterfaceOrientations_iPad = "UIInterfaceOrientationPortrait UIInterfaceOrientationPortraitUpsideDown UIInterfaceOrientationLandscapeLeft UIInterfaceOrientationLandscapeRight";
				INFOPLIST_KEY_UISupportedInterfaceOrientations_iPhone = "UIInterfaceOrientationPortrait UIInterfaceOrientationLandscapeLeft UIInterfaceOrientationLandscapeRight";
				LD_RUNPATH_SEARCH_PATHS = (
					"$(inherited)",
					"@executable_path/Frameworks",
				);
				MARKETING_VERSION = 1.0;
				PRODUCT_BUNDLE_IDENTIFIER = cowry.CowryCalculatorTest;
				PRODUCT_NAME = "$(TARGET_NAME)";
				SWIFT_EMIT_LOC_STRINGS = YES;
				SWIFT_VERSION = 5.0;
				TARGETED_DEVICE_FAMILY = "1,2";
			};
			name = Release;
		};
		C17895542A6011BD0095679B /* Debug */ = {
			isa = XCBuildConfiguration;
			baseConfigurationReference = CFF06639E98C5A5044E27F68 /* Pods-CowryCalculatorTestTests.debug.xcconfig */;
			buildSettings = {
				ALWAYS_EMBED_SWIFT_STANDARD_LIBRARIES = YES;
				BUNDLE_LOADER = "$(TEST_HOST)";
				CODE_SIGN_STYLE = Automatic;
				CURRENT_PROJECT_VERSION = 1;
				DEVELOPMENT_TEAM = CJ4865LJ47;
				GENERATE_INFOPLIST_FILE = YES;
				IPHONEOS_DEPLOYMENT_TARGET = 16.4;
				MARKETING_VERSION = 1.0;
				PRODUCT_BUNDLE_IDENTIFIER = cowry.CowryCalculatorTestTests;
				PRODUCT_NAME = "$(TARGET_NAME)";
				SWIFT_EMIT_LOC_STRINGS = NO;
				SWIFT_VERSION = 5.0;
				TARGETED_DEVICE_FAMILY = "1,2";
				TEST_HOST = "$(BUILT_PRODUCTS_DIR)/CowryCalculatorTest.app/$(BUNDLE_EXECUTABLE_FOLDER_PATH)/CowryCalculatorTest";
			};
			name = Debug;
		};
		C17895552A6011BD0095679B /* Release */ = {
			isa = XCBuildConfiguration;
			baseConfigurationReference = CFDBEE97F51A1133F2322882 /* Pods-CowryCalculatorTestTests.release.xcconfig */;
			buildSettings = {
				ALWAYS_EMBED_SWIFT_STANDARD_LIBRARIES = YES;
				BUNDLE_LOADER = "$(TEST_HOST)";
				CODE_SIGN_STYLE = Automatic;
				CURRENT_PROJECT_VERSION = 1;
				DEVELOPMENT_TEAM = CJ4865LJ47;
				GENERATE_INFOPLIST_FILE = YES;
				IPHONEOS_DEPLOYMENT_TARGET = 16.4;
				MARKETING_VERSION = 1.0;
				PRODUCT_BUNDLE_IDENTIFIER = cowry.CowryCalculatorTestTests;
				PRODUCT_NAME = "$(TARGET_NAME)";
				SWIFT_EMIT_LOC_STRINGS = NO;
				SWIFT_VERSION = 5.0;
				TARGETED_DEVICE_FAMILY = "1,2";
				TEST_HOST = "$(BUILT_PRODUCTS_DIR)/CowryCalculatorTest.app/$(BUNDLE_EXECUTABLE_FOLDER_PATH)/CowryCalculatorTest";
			};
			name = Release;
		};
		C17895572A6011BD0095679B /* Debug */ = {
			isa = XCBuildConfiguration;
			baseConfigurationReference = EE9558A34155BDF439416989 /* Pods-CowryCalculatorTest-CowryCalculatorTestUITests.debug.xcconfig */;
			buildSettings = {
				ALWAYS_EMBED_SWIFT_STANDARD_LIBRARIES = YES;
				CODE_SIGN_STYLE = Automatic;
				CURRENT_PROJECT_VERSION = 1;
				DEVELOPMENT_TEAM = CJ4865LJ47;
				GENERATE_INFOPLIST_FILE = YES;
				MARKETING_VERSION = 1.0;
				PRODUCT_BUNDLE_IDENTIFIER = cowry.CowryCalculatorTestUITests;
				PRODUCT_NAME = "$(TARGET_NAME)";
				SWIFT_EMIT_LOC_STRINGS = NO;
				SWIFT_VERSION = 5.0;
				TARGETED_DEVICE_FAMILY = "1,2";
				TEST_TARGET_NAME = CowryCalculatorTest;
			};
			name = Debug;
		};
		C17895582A6011BD0095679B /* Release */ = {
			isa = XCBuildConfiguration;
			baseConfigurationReference = 41EC08A1DDDB1F286B70E50E /* Pods-CowryCalculatorTest-CowryCalculatorTestUITests.release.xcconfig */;
			buildSettings = {
				ALWAYS_EMBED_SWIFT_STANDARD_LIBRARIES = YES;
				CODE_SIGN_STYLE = Automatic;
				CURRENT_PROJECT_VERSION = 1;
				DEVELOPMENT_TEAM = CJ4865LJ47;
				GENERATE_INFOPLIST_FILE = YES;
				MARKETING_VERSION = 1.0;
				PRODUCT_BUNDLE_IDENTIFIER = cowry.CowryCalculatorTestUITests;
				PRODUCT_NAME = "$(TARGET_NAME)";
				SWIFT_EMIT_LOC_STRINGS = NO;
				SWIFT_VERSION = 5.0;
				TARGETED_DEVICE_FAMILY = "1,2";
				TEST_TARGET_NAME = CowryCalculatorTest;
			};
			name = Release;
		};
/* End XCBuildConfiguration section */

/* Begin XCConfigurationList section */
		C17895212A6011BB0095679B /* Build configuration list for PBXProject "CowryCalculatorTest" */ = {
			isa = XCConfigurationList;
			buildConfigurations = (
				C178954E2A6011BD0095679B /* Debug */,
				C178954F2A6011BD0095679B /* Release */,
			);
			defaultConfigurationIsVisible = 0;
			defaultConfigurationName = Release;
		};
		C17895502A6011BD0095679B /* Build configuration list for PBXNativeTarget "CowryCalculatorTest" */ = {
			isa = XCConfigurationList;
			buildConfigurations = (
				C17895512A6011BD0095679B /* Debug */,
				C17895522A6011BD0095679B /* Release */,
			);
			defaultConfigurationIsVisible = 0;
			defaultConfigurationName = Release;
		};
		C17895532A6011BD0095679B /* Build configuration list for PBXNativeTarget "CowryCalculatorTestTests" */ = {
			isa = XCConfigurationList;
			buildConfigurations = (
				C17895542A6011BD0095679B /* Debug */,
				C17895552A6011BD0095679B /* Release */,
			);
			defaultConfigurationIsVisible = 0;
			defaultConfigurationName = Release;
		};
		C17895562A6011BD0095679B /* Build configuration list for PBXNativeTarget "CowryCalculatorTestUITests" */ = {
			isa = XCConfigurationList;
			buildConfigurations = (
				C17895572A6011BD0095679B /* Debug */,
				C17895582A6011BD0095679B /* Release */,
			);
			defaultConfigurationIsVisible = 0;
			defaultConfigurationName = Release;
		};
/* End XCConfigurationList section */
	};
	rootObject = C178951E2A6011BB0095679B /* Project object */;
}
